// !$*UTF8*$!
{
	archiveVersion = 1;
	classes = {
	};
	objectVersion = 46;
	objects = {

/* Begin PBXBuildFile section */
		EBD4C9591C7FF0A40091A8C4 /* AppDelegate.swift in Sources */ = {isa = PBXBuildFile; fileRef = EBD4C9581C7FF0A40091A8C4 /* AppDelegate.swift */; };
		EBD4C95E1C7FF0A40091A8C4 /* Main.storyboard in Resources */ = {isa = PBXBuildFile; fileRef = EBD4C95C1C7FF0A40091A8C4 /* Main.storyboard */; };
		EBD4C9601C7FF0A40091A8C4 /* Assets.xcassets in Resources */ = {isa = PBXBuildFile; fileRef = EBD4C95F1C7FF0A40091A8C4 /* Assets.xcassets */; };
		EBD4C9631C7FF0A40091A8C4 /* LaunchScreen.storyboard in Resources */ = {isa = PBXBuildFile; fileRef = EBD4C9611C7FF0A40091A8C4 /* LaunchScreen.storyboard */; };
		EBD4C96E1C7FF0A40091A8C4 /* Project13___AnimateTableCellTests.swift in Sources */ = {isa = PBXBuildFile; fileRef = EBD4C96D1C7FF0A40091A8C4 /* Project13___AnimateTableCellTests.swift */; };
		EBD4C9791C7FF0A40091A8C4 /* Project13___AnimateTableCellUITests.swift in Sources */ = {isa = PBXBuildFile; fileRef = EBD4C9781C7FF0A40091A8C4 /* Project13___AnimateTableCellUITests.swift */; };
		EBD4C9871C7FF0ED0091A8C4 /* FirstTableViewController.swift in Sources */ = {isa = PBXBuildFile; fileRef = EBD4C9861C7FF0ED0091A8C4 /* FirstTableViewController.swift */; };
		EBD4C9891C7FF0FA0091A8C4 /* SecondTableViewController.swift in Sources */ = {isa = PBXBuildFile; fileRef = EBD4C9881C7FF0FA0091A8C4 /* SecondTableViewController.swift */; };
		EBD4C98B1C7FF13D0091A8C4 /* FirstCell.swift in Sources */ = {isa = PBXBuildFile; fileRef = EBD4C98A1C7FF13D0091A8C4 /* FirstCell.swift */; };
		EBD4C98D1C7FF1520091A8C4 /* SecondCell.swift in Sources */ = {isa = PBXBuildFile; fileRef = EBD4C98C1C7FF1520091A8C4 /* SecondCell.swift */; };
/* End PBXBuildFile section */

/* Begin PBXContainerItemProxy section */
		EBD4C96A1C7FF0A40091A8C4 /* PBXContainerItemProxy */ = {
			isa = PBXContainerItemProxy;
			containerPortal = EBD4C94D1C7FF0A40091A8C4 /* Project object */;
			proxyType = 1;
			remoteGlobalIDString = EBD4C9541C7FF0A40091A8C4;
			remoteInfo = "Project13 - AnimateTableCell";
		};
		EBD4C9751C7FF0A40091A8C4 /* PBXContainerItemProxy */ = {
			isa = PBXContainerItemProxy;
			containerPortal = EBD4C94D1C7FF0A40091A8C4 /* Project object */;
			proxyType = 1;
			remoteGlobalIDString = EBD4C9541C7FF0A40091A8C4;
			remoteInfo = "Project13 - AnimateTableCell";
		};
/* End PBXContainerItemProxy section */

/* Begin PBXFileReference section */
		EBD4C9551C7FF0A40091A8C4 /* Project13 - AnimateTableCell.app */ = {isa = PBXFileReference; explicitFileType = wrapper.application; includeInIndex = 0; path = "Project13 - AnimateTableCell.app"; sourceTree = BUILT_PRODUCTS_DIR; };
		EBD4C9581C7FF0A40091A8C4 /* AppDelegate.swift */ = {isa = PBXFileReference; lastKnownFileType = sourcecode.swift; path = AppDelegate.swift; sourceTree = "<group>"; };
		EBD4C95D1C7FF0A40091A8C4 /* Base */ = {isa = PBXFileReference; lastKnownFileType = file.storyboard; name = Base; path = Base.lproj/Main.storyboard; sourceTree = "<group>"; };
		EBD4C95F1C7FF0A40091A8C4 /* Assets.xcassets */ = {isa = PBXFileReference; lastKnownFileType = folder.assetcatalog; path = Assets.xcassets; sourceTree = "<group>"; };
		EBD4C9621C7FF0A40091A8C4 /* Base */ = {isa = PBXFileReference; lastKnownFileType = file.storyboard; name = Base; path = Base.lproj/LaunchScreen.storyboard; sourceTree = "<group>"; };
		EBD4C9641C7FF0A40091A8C4 /* Info.plist */ = {isa = PBXFileReference; lastKnownFileType = text.plist.xml; path = Info.plist; sourceTree = "<group>"; };
		EBD4C9691C7FF0A40091A8C4 /* Project13 - AnimateTableCellTests.xctest */ = {isa = PBXFileReference; explicitFileType = wrapper.cfbundle; includeInIndex = 0; path = "Project13 - AnimateTableCellTests.xctest"; sourceTree = BUILT_PRODUCTS_DIR; };
		EBD4C96D1C7FF0A40091A8C4 /* Project13___AnimateTableCellTests.swift */ = {isa = PBXFileReference; lastKnownFileType = sourcecode.swift; path = "Project13___AnimateTableCellTests.swift"; sourceTree = "<group>"; };
		EBD4C96F1C7FF0A40091A8C4 /* Info.plist */ = {isa = PBXFileReference; lastKnownFileType = text.plist.xml; path = Info.plist; sourceTree = "<group>"; };
		EBD4C9741C7FF0A40091A8C4 /* Project13 - AnimateTableCellUITests.xctest */ = {isa = PBXFileReference; explicitFileType = wrapper.cfbundle; includeInIndex = 0; path = "Project13 - AnimateTableCellUITests.xctest"; sourceTree = BUILT_PRODUCTS_DIR; };
		EBD4C9781C7FF0A40091A8C4 /* Project13___AnimateTableCellUITests.swift */ = {isa = PBXFileReference; lastKnownFileType = sourcecode.swift; path = "Project13___AnimateTableCellUITests.swift"; sourceTree = "<group>"; };
		EBD4C97A1C7FF0A40091A8C4 /* Info.plist */ = {isa = PBXFileReference; lastKnownFileType = text.plist.xml; path = Info.plist; sourceTree = "<group>"; };
		EBD4C9861C7FF0ED0091A8C4 /* FirstTableViewController.swift */ = {isa = PBXFileReference; fileEncoding = 4; lastKnownFileType = sourcecode.swift; path = FirstTableViewController.swift; sourceTree = "<group>"; };
		EBD4C9881C7FF0FA0091A8C4 /* SecondTableViewController.swift */ = {isa = PBXFileReference; fileEncoding = 4; lastKnownFileType = sourcecode.swift; path = SecondTableViewController.swift; sourceTree = "<group>"; };
		EBD4C98A1C7FF13D0091A8C4 /* FirstCell.swift */ = {isa = PBXFileReference; fileEncoding = 4; lastKnownFileType = sourcecode.swift; path = FirstCell.swift; sourceTree = "<group>"; };
		EBD4C98C1C7FF1520091A8C4 /* SecondCell.swift */ = {isa = PBXFileReference; fileEncoding = 4; lastKnownFileType = sourcecode.swift; path = SecondCell.swift; sourceTree = "<group>"; };
/* End PBXFileReference section */

/* Begin PBXFrameworksBuildPhase section */
		EBD4C9521C7FF0A40091A8C4 /* Frameworks */ = {
			isa = PBXFrameworksBuildPhase;
			buildActionMask = 2147483647;
			files = (
			);
			runOnlyForDeploymentPostprocessing = 0;
		};
		EBD4C9661C7FF0A40091A8C4 /* Frameworks */ = {
			isa = PBXFrameworksBuildPhase;
			buildActionMask = 2147483647;
			files = (
			);
			runOnlyForDeploymentPostprocessing = 0;
		};
		EBD4C9711C7FF0A40091A8C4 /* Frameworks */ = {
			isa = PBXFrameworksBuildPhase;
			buildActionMask = 2147483647;
			files = (
			);
			runOnlyForDeploymentPostprocessing = 0;
		};
/* End PBXFrameworksBuildPhase section */

/* Begin PBXGroup section */
		EBD4C94C1C7FF0A40091A8C4 = {
			isa = PBXGroup;
			children = (
				EBD4C9571C7FF0A40091A8C4 /* Project13 - AnimateTableCell */,
				EBD4C96C1C7FF0A40091A8C4 /* Project13 - AnimateTableCellTests */,
				EBD4C9771C7FF0A40091A8C4 /* Project13 - AnimateTableCellUITests */,
				EBD4C9561C7FF0A40091A8C4 /* Products */,
			);
			sourceTree = "<group>";
		};
		EBD4C9561C7FF0A40091A8C4 /* Products */ = {
			isa = PBXGroup;
			children = (
				EBD4C9551C7FF0A40091A8C4 /* Project13 - AnimateTableCell.app */,
				EBD4C9691C7FF0A40091A8C4 /* Project13 - AnimateTableCellTests.xctest */,
				EBD4C9741C7FF0A40091A8C4 /* Project13 - AnimateTableCellUITests.xctest */,
			);
			name = Products;
			sourceTree = "<group>";
		};
		EBD4C9571C7FF0A40091A8C4 /* Project13 - AnimateTableCell */ = {
			isa = PBXGroup;
			children = (
				EBD4C9581C7FF0A40091A8C4 /* AppDelegate.swift */,
				EBD4C95C1C7FF0A40091A8C4 /* Main.storyboard */,
				EBD4C95F1C7FF0A40091A8C4 /* Assets.xcassets */,
				EBD4C9611C7FF0A40091A8C4 /* LaunchScreen.storyboard */,
				EBD4C9641C7FF0A40091A8C4 /* Info.plist */,
				EBD4C9861C7FF0ED0091A8C4 /* FirstTableViewController.swift */,
				EBD4C9881C7FF0FA0091A8C4 /* SecondTableViewController.swift */,
				EBD4C98A1C7FF13D0091A8C4 /* FirstCell.swift */,
				EBD4C98C1C7FF1520091A8C4 /* SecondCell.swift */,
			);
			path = "Project13 - AnimateTableCell";
			sourceTree = "<group>";
		};
		EBD4C96C1C7FF0A40091A8C4 /* Project13 - AnimateTableCellTests */ = {
			isa = PBXGroup;
			children = (
				EBD4C96D1C7FF0A40091A8C4 /* Project13___AnimateTableCellTests.swift */,
				EBD4C96F1C7FF0A40091A8C4 /* Info.plist */,
			);
			path = "Project13 - AnimateTableCellTests";
			sourceTree = "<group>";
		};
		EBD4C9771C7FF0A40091A8C4 /* Project13 - AnimateTableCellUITests */ = {
			isa = PBXGroup;
			children = (
				EBD4C9781C7FF0A40091A8C4 /* Project13___AnimateTableCellUITests.swift */,
				EBD4C97A1C7FF0A40091A8C4 /* Info.plist */,
			);
			path = "Project13 - AnimateTableCellUITests";
			sourceTree = "<group>";
		};
/* End PBXGroup section */

/* Begin PBXNativeTarget section */
		EBD4C9541C7FF0A40091A8C4 /* Project13 - AnimateTableCell */ = {
			isa = PBXNativeTarget;
			buildConfigurationList = EBD4C97D1C7FF0A40091A8C4 /* Build configuration list for PBXNativeTarget "Project13 - AnimateTableCell" */;
			buildPhases = (
				EBD4C9511C7FF0A40091A8C4 /* Sources */,
				EBD4C9521C7FF0A40091A8C4 /* Frameworks */,
				EBD4C9531C7FF0A40091A8C4 /* Resources */,
			);
			buildRules = (
			);
			dependencies = (
			);
			name = "Project13 - AnimateTableCell";
			productName = "Project13 - AnimateTableCell";
			productReference = EBD4C9551C7FF0A40091A8C4 /* Project13 - AnimateTableCell.app */;
			productType = "com.apple.product-type.application";
		};
		EBD4C9681C7FF0A40091A8C4 /* Project13 - AnimateTableCellTests */ = {
			isa = PBXNativeTarget;
			buildConfigurationList = EBD4C9801C7FF0A40091A8C4 /* Build configuration list for PBXNativeTarget "Project13 - AnimateTableCellTests" */;
			buildPhases = (
				EBD4C9651C7FF0A40091A8C4 /* Sources */,
				EBD4C9661C7FF0A40091A8C4 /* Frameworks */,
				EBD4C9671C7FF0A40091A8C4 /* Resources */,
			);
			buildRules = (
			);
			dependencies = (
				EBD4C96B1C7FF0A40091A8C4 /* PBXTargetDependency */,
			);
			name = "Project13 - AnimateTableCellTests";
			productName = "Project13 - AnimateTableCellTests";
			productReference = EBD4C9691C7FF0A40091A8C4 /* Project13 - AnimateTableCellTests.xctest */;
			productType = "com.apple.product-type.bundle.unit-test";
		};
		EBD4C9731C7FF0A40091A8C4 /* Project13 - AnimateTableCellUITests */ = {
			isa = PBXNativeTarget;
			buildConfigurationList = EBD4C9831C7FF0A40091A8C4 /* Build configuration list for PBXNativeTarget "Project13 - AnimateTableCellUITests" */;
			buildPhases = (
				EBD4C9701C7FF0A40091A8C4 /* Sources */,
				EBD4C9711C7FF0A40091A8C4 /* Frameworks */,
				EBD4C9721C7FF0A40091A8C4 /* Resources */,
			);
			buildRules = (
			);
			dependencies = (
				EBD4C9761C7FF0A40091A8C4 /* PBXTargetDependency */,
			);
			name = "Project13 - AnimateTableCellUITests";
			productName = "Project13 - AnimateTableCellUITests";
			productReference = EBD4C9741C7FF0A40091A8C4 /* Project13 - AnimateTableCellUITests.xctest */;
			productType = "com.apple.product-type.bundle.ui-testing";
		};
/* End PBXNativeTarget section */

/* Begin PBXProject section */
		EBD4C94D1C7FF0A40091A8C4 /* Project object */ = {
			isa = PBXProject;
			attributes = {
				LastSwiftUpdateCheck = 0720;
				LastUpgradeCheck = 0720;
				ORGANIZATIONNAME = LeeWong;
				TargetAttributes = {
					EBD4C9541C7FF0A40091A8C4 = {
						CreatedOnToolsVersion = 7.2;
					};
					EBD4C9681C7FF0A40091A8C4 = {
						CreatedOnToolsVersion = 7.2;
						TestTargetID = EBD4C9541C7FF0A40091A8C4;
					};
					EBD4C9731C7FF0A40091A8C4 = {
						CreatedOnToolsVersion = 7.2;
						TestTargetID = EBD4C9541C7FF0A40091A8C4;
					};
				};
			};
			buildConfigurationList = EBD4C9501C7FF0A40091A8C4 /* Build configuration list for PBXProject "Project13 - AnimateTableCell" */;
			compatibilityVersion = "Xcode 3.2";
			developmentRegion = English;
			hasScannedForEncodings = 0;
			knownRegions = (
				en,
				Base,
			);
			mainGroup = EBD4C94C1C7FF0A40091A8C4;
			productRefGroup = EBD4C9561C7FF0A40091A8C4 /* Products */;
			projectDirPath = "";
			projectRoot = "";
			targets = (
				EBD4C9541C7FF0A40091A8C4 /* Project13 - AnimateTableCell */,
				EBD4C9681C7FF0A40091A8C4 /* Project13 - AnimateTableCellTests */,
				EBD4C9731C7FF0A40091A8C4 /* Project13 - AnimateTableCellUITests */,
			);
		};
/* End PBXProject section */

/* Begin PBXResourcesBuildPhase section */
		EBD4C9531C7FF0A40091A8C4 /* Resources */ = {
			isa = PBXResourcesBuildPhase;
			buildActionMask = 2147483647;
			files = (
				EBD4C9631C7FF0A40091A8C4 /* LaunchScreen.storyboard in Resources */,
				EBD4C9601C7FF0A40091A8C4 /* Assets.xcassets in Resources */,
				EBD4C95E1C7FF0A40091A8C4 /* Main.storyboard in Resources */,
			);
			runOnlyForDeploymentPostprocessing = 0;
		};
		EBD4C9671C7FF0A40091A8C4 /* Resources */ = {
			isa = PBXResourcesBuildPhase;
			buildActionMask = 2147483647;
			files = (
			);
			runOnlyForDeploymentPostprocessing = 0;
		};
		EBD4C9721C7FF0A40091A8C4 /* Resources */ = {
			isa = PBXResourcesBuildPhase;
			buildActionMask = 2147483647;
			files = (
			);
			runOnlyForDeploymentPostprocessing = 0;
		};
/* End PBXResourcesBuildPhase section */

/* Begin PBXSourcesBuildPhase section */
		EBD4C9511C7FF0A40091A8C4 /* Sources */ = {
			isa = PBXSourcesBuildPhase;
			buildActionMask = 2147483647;
			files = (
				EBD4C9871C7FF0ED0091A8C4 /* FirstTableViewController.swift in Sources */,
				EBD4C9891C7FF0FA0091A8C4 /* SecondTableViewController.swift in Sources */,
				EBD4C98B1C7FF13D0091A8C4 /* FirstCell.swift in Sources */,
				EBD4C98D1C7FF1520091A8C4 /* SecondCell.swift in Sources */,
				EBD4C9591C7FF0A40091A8C4 /* AppDelegate.swift in Sources */,
			);
			runOnlyForDeploymentPostprocessing = 0;
		};
		EBD4C9651C7FF0A40091A8C4 /* Sources */ = {
			isa = PBXSourcesBuildPhase;
			buildActionMask = 2147483647;
			files = (
				EBD4C96E1C7FF0A40091A8C4 /* Project13___AnimateTableCellTests.swift in Sources */,
			);
			runOnlyForDeploymentPostprocessing = 0;
		};
		EBD4C9701C7FF0A40091A8C4 /* Sources */ = {
			isa = PBXSourcesBuildPhase;
			buildActionMask = 2147483647;
			files = (
				EBD4C9791C7FF0A40091A8C4 /* Project13___AnimateTableCellUITests.swift in Sources */,
			);
			runOnlyForDeploymentPostprocessing = 0;
		};
/* End PBXSourcesBuildPhase section */

/* Begin PBXTargetDependency section */
		EBD4C96B1C7FF0A40091A8C4 /* PBXTargetDependency */ = {
			isa = PBXTargetDependency;
			target = EBD4C9541C7FF0A40091A8C4 /* Project13 - AnimateTableCell */;
			targetProxy = EBD4C96A1C7FF0A40091A8C4 /* PBXContainerItemProxy */;
		};
		EBD4C9761C7FF0A40091A8C4 /* PBXTargetDependency */ = {
			isa = PBXTargetDependency;
			target = EBD4C9541C7FF0A40091A8C4 /* Project13 - AnimateTableCell */;
			targetProxy = EBD4C9751C7FF0A40091A8C4 /* PBXContainerItemProxy */;
		};
/* End PBXTargetDependency section */

/* Begin PBXVariantGroup section */
		EBD4C95C1C7FF0A40091A8C4 /* Main.storyboard */ = {
			isa = PBXVariantGroup;
			children = (
				EBD4C95D1C7FF0A40091A8C4 /* Base */,
			);
			name = Main.storyboard;
			sourceTree = "<group>";
		};
		EBD4C9611C7FF0A40091A8C4 /* LaunchScreen.storyboard */ = {
			isa = PBXVariantGroup;
			children = (
				EBD4C9621C7FF0A40091A8C4 /* Base */,
			);
			name = LaunchScreen.storyboard;
			sourceTree = "<group>";
		};
/* End PBXVariantGroup section */

/* Begin XCBuildConfiguration section */
		EBD4C97B1C7FF0A40091A8C4 /* Debug */ = {
			isa = XCBuildConfiguration;
			buildSettings = {
				ALWAYS_SEARCH_USER_PATHS = NO;
				CLANG_CXX_LANGUAGE_STANDARD = "gnu++0x";
				CLANG_CXX_LIBRARY = "libc++";
				CLANG_ENABLE_MODULES = YES;
				CLANG_ENABLE_OBJC_ARC = YES;
				CLANG_WARN_BOOL_CONVERSION = YES;
				CLANG_WARN_CONSTANT_CONVERSION = YES;
				CLANG_WARN_DIRECT_OBJC_ISA_USAGE = YES_ERROR;
				CLANG_WARN_EMPTY_BODY = YES;
				CLANG_WARN_ENUM_CONVERSION = YES;
				CLANG_WARN_INT_CONVERSION = YES;
				CLANG_WARN_OBJC_ROOT_CLASS = YES_ERROR;
				CLANG_WARN_UNREACHABLE_CODE = YES;
				CLANG_WARN__DUPLICATE_METHOD_MATCH = YES;
				"CODE_SIGN_IDENTITY[sdk=iphoneos*]" = "iPhone Developer";
				COPY_PHASE_STRIP = NO;
				DEBUG_INFORMATION_FORMAT = dwarf;
				ENABLE_STRICT_OBJC_MSGSEND = YES;
				ENABLE_TESTABILITY = YES;
				GCC_C_LANGUAGE_STANDARD = gnu99;
				GCC_DYNAMIC_NO_PIC = NO;
				GCC_NO_COMMON_BLOCKS = YES;
				GCC_OPTIMIZATION_LEVEL = 0;
				GCC_PREPROCESSOR_DEFINITIONS = (
					"DEBUG=1",
					"$(inherited)",
				);
				GCC_WARN_64_TO_32_BIT_CONVERSION = YES;
				GCC_WARN_ABOUT_RETURN_TYPE = YES_ERROR;
				GCC_WARN_UNDECLARED_SELECTOR = YES;
				GCC_WARN_UNINITIALIZED_AUTOS = YES_AGGRESSIVE;
				GCC_WARN_UNUSED_FUNCTION = YES;
				GCC_WARN_UNUSED_VARIABLE = YES;
				IPHONEOS_DEPLOYMENT_TARGET = 9.2;
				MTL_ENABLE_DEBUG_INFO = YES;
				ONLY_ACTIVE_ARCH = YES;
				SDKROOT = iphoneos;
				SWIFT_OPTIMIZATION_LEVEL = "-Onone";
			};
			name = Debug;
		};
		EBD4C97C1C7FF0A40091A8C4 /* Release */ = {
			isa = XCBuildConfiguration;
			buildSettings = {
				ALWAYS_SEARCH_USER_PATHS = NO;
				CLANG_CXX_LANGUAGE_STANDARD = "gnu++0x";
				CLANG_CXX_LIBRARY = "libc++";
				CLANG_ENABLE_MODULES = YES;
				CLANG_ENABLE_OBJC_ARC = YES;
				CLANG_WARN_BOOL_CONVERSION = YES;
				CLANG_WARN_CONSTANT_CONVERSION = YES;
				CLANG_WARN_DIRECT_OBJC_ISA_USAGE = YES_ERROR;
				CLANG_WARN_EMPTY_BODY = YES;
				CLANG_WARN_ENUM_CONVERSION = YES;
				CLANG_WARN_INT_CONVERSION = YES;
				CLANG_WARN_OBJC_ROOT_CLASS = YES_ERROR;
				CLANG_WARN_UNREACHABLE_CODE = YES;
				CLANG_WARN__DUPLICATE_METHOD_MATCH = YES;
				"CODE_SIGN_IDENTITY[sdk=iphoneos*]" = "iPhone Developer";
				COPY_PHASE_STRIP = NO;
				DEBUG_INFORMATION_FORMAT = "dwarf-with-dsym";
				ENABLE_NS_ASSERTIONS = NO;
				ENABLE_STRICT_OBJC_MSGSEND = YES;
				GCC_C_LANGUAGE_STANDARD = gnu99;
				GCC_NO_COMMON_BLOCKS = YES;
				GCC_WARN_64_TO_32_BIT_CONVERSION = YES;
				GCC_WARN_ABOUT_RETURN_TYPE = YES_ERROR;
				GCC_WARN_UNDECLARED_SELECTOR = YES;
				GCC_WARN_UNINITIALIZED_AUTOS = YES_AGGRESSIVE;
				GCC_WARN_UNUSED_FUNCTION = YES;
				GCC_WARN_UNUSED_VARIABLE = YES;
				IPHONEOS_DEPLOYMENT_TARGET = 9.2;
				MTL_ENABLE_DEBUG_INFO = NO;
				SDKROOT = iphoneos;
				VALIDATE_PRODUCT = YES;
			};
			name = Release;
		};
		EBD4C97E1C7FF0A40091A8C4 /* Debug */ = {
			isa = XCBuildConfiguration;
			buildSettings = {
				ASSETCATALOG_COMPILER_APPICON_NAME = AppIcon;
				INFOPLIST_FILE = "Project13 - AnimateTableCell/Info.plist";
				LD_RUNPATH_SEARCH_PATHS = "$(inherited) @executable_path/Frameworks";
				PRODUCT_BUNDLE_IDENTIFIER = "com.meishubao.Project13---AnimateTableCell";
				PRODUCT_NAME = "$(TARGET_NAME)";
			};
			name = Debug;
		};
		EBD4C97F1C7FF0A40091A8C4 /* Release */ = {
			isa = XCBuildConfiguration;
			buildSettings = {
				ASSETCATALOG_COMPILER_APPICON_NAME = AppIcon;
				INFOPLIST_FILE = "Project13 - AnimateTableCell/Info.plist";
				LD_RUNPATH_SEARCH_PATHS = "$(inherited) @executable_path/Frameworks";
				PRODUCT_BUNDLE_IDENTIFIER = "com.meishubao.Project13---AnimateTableCell";
				PRODUCT_NAME = "$(TARGET_NAME)";
			};
			name = Release;
		};
		EBD4C9811C7FF0A40091A8C4 /* Debug */ = {
			isa = XCBuildConfiguration;
			buildSettings = {
				BUNDLE_LOADER = "$(TEST_HOST)";
				INFOPLIST_FILE = "Project13 - AnimateTableCellTests/Info.plist";
				LD_RUNPATH_SEARCH_PATHS = "$(inherited) @executable_path/Frameworks @loader_path/Frameworks";
				PRODUCT_BUNDLE_IDENTIFIER = "com.meishubao.Project13---AnimateTableCellTests";
				PRODUCT_NAME = "$(TARGET_NAME)";
				TEST_HOST = "$(BUILT_PRODUCTS_DIR)/Project13 - AnimateTableCell.app/Project13 - AnimateTableCell";
			};
			name = Debug;
		};
		EBD4C9821C7FF0A40091A8C4 /* Release */ = {
			isa = XCBuildConfiguration;
			buildSettings = {
				BUNDLE_LOADER = "$(TEST_HOST)";
				INFOPLIST_FILE = "Project13 - AnimateTableCellTests/Info.plist";
				LD_RUNPATH_SEARCH_PATHS = "$(inherited) @executable_path/Frameworks @loader_path/Frameworks";
				PRODUCT_BUNDLE_IDENTIFIER = "com.meishubao.Project13---AnimateTableCellTests";
				PRODUCT_NAME = "$(TARGET_NAME)";
				TEST_HOST = "$(BUILT_PRODUCTS_DIR)/Project13 - AnimateTableCell.app/Project13 - AnimateTableCell";
			};
			name = Release;
		};
		EBD4C9841C7FF0A40091A8C4 /* Debug */ = {
			isa = XCBuildConfiguration;
			buildSettings = {
				INFOPLIST_FILE = "Project13 - AnimateTableCellUITests/Info.plist";
				LD_RUNPATH_SEARCH_PATHS = "$(inherited) @executable_path/Frameworks @loader_path/Frameworks";
				PRODUCT_BUNDLE_IDENTIFIER = "com.meishubao.Project13---AnimateTableCellUITests";
				PRODUCT_NAME = "$(TARGET_NAME)";
				TEST_TARGET_NAME = "Project13 - AnimateTableCell";
				USES_XCTRUNNER = YES;
			};
			name = Debug;
		};
		EBD4C9851C7FF0A40091A8C4 /* Release */ = {
			isa = XCBuildConfiguration;
			buildSettings = {
				INFOPLIST_FILE = "Project13 - AnimateTableCellUITests/Info.plist";
				LD_RUNPATH_SEARCH_PATHS = "$(inherited) @executable_path/Frameworks @loader_path/Frameworks";
				PRODUCT_BUNDLE_IDENTIFIER = "com.meishubao.Project13---AnimateTableCellUITests";
				PRODUCT_NAME = "$(TARGET_NAME)";
				TEST_TARGET_NAME = "Project13 - AnimateTableCell";
				USES_XCTRUNNER = YES;
			};
			name = Release;
		};
/* End XCBuildConfiguration section */

/* Begin XCConfigurationList section */
		EBD4C9501C7FF0A40091A8C4 /* Build configuration list for PBXProject "Project13 - AnimateTableCell" */ = {
			isa = XCConfigurationList;
			buildConfigurations = (
				EBD4C97B1C7FF0A40091A8C4 /* Debug */,
				EBD4C97C1C7FF0A40091A8C4 /* Release */,
			);
			defaultConfigurationIsVisible = 0;
			defaultConfigurationName = Release;
		};
		EBD4C97D1C7FF0A40091A8C4 /* Build configuration list for PBXNativeTarget "Project13 - AnimateTableCell" */ = {
			isa = XCConfigurationList;
			buildConfigurations = (
				EBD4C97E1C7FF0A40091A8C4 /* Debug */,
				EBD4C97F1C7FF0A40091A8C4 /* Release */,
			);
			defaultConfigurationIsVisible = 0;
		};
		EBD4C9801C7FF0A40091A8C4 /* Build configuration list for PBXNativeTarget "Project13 - AnimateTableCellTests" */ = {
			isa = XCConfigurationList;
			buildConfigurations = (
				EBD4C9811C7FF0A40091A8C4 /* Debug */,
				EBD4C9821C7FF0A40091A8C4 /* Release */,
			);
			defaultConfigurationIsVisible = 0;
		};
		EBD4C9831C7FF0A40091A8C4 /* Build configuration list for PBXNativeTarget "Project13 - AnimateTableCellUITests" */ = {
			isa = XCConfigurationList;
			buildConfigurations = (
				EBD4C9841C7FF0A40091A8C4 /* Debug */,
				EBD4C9851C7FF0A40091A8C4 /* Release */,
			);
			defaultConfigurationIsVisible = 0;
		};
/* End XCConfigurationList section */
	};
	rootObject = EBD4C94D1C7FF0A40091A8C4 /* Project object */;
}
