<?xml version="1.0" encoding="UTF-8"?>
<Scheme
   LastUpgradeVersion = "0720"
   version = "1.3">
   <BuildAction
      parallelizeBuildables = "YES"
      buildImplicitDependencies = "YES">
      <BuildActionEntries>
         <BuildActionEntry
            buildForTesting = "YES"
            buildForRunning = "YES"
            buildForProfiling = "YES"
            buildForArchiving = "YES"
            buildForAnalyzing = "YES">
            <BuildableReference
               BuildableIdentifier = "primary"
               BlueprintIdentifier = "EBA54FFB1C7D7C3F00E0208F"
               BuildableName = "Project 8 - Random Color Gradient  Project 8 - Random Color Gradient  Project 8 - Random Color Gradient  Project 8 - Random Color Gradient.app"
               BlueprintName = "Project 8 - Random Color Gradient  Project 8 - Random Color Gradient  Project 8 - Random Color Gradient  Project 8 - Random Color Gradient"
               ReferencedContainer = "container:Project 8 - Random Color Gradient  Project 8 - Random Color Gradient  Project 8 - Random Color Gradient  Project 8 - Random Color Gradient.xcodeproj">
            </BuildableReference>
         </BuildActionEntry>
      </BuildActionEntries>
   </BuildAction>
   <TestAction
      buildConfiguration = "Debug"
      selectedDebuggerIdentifier = "Xcode.DebuggerFoundation.Debugger.LLDB"
      selectedLauncherIdentifier = "Xcode.DebuggerFoundation.Launcher.LLDB"
      shouldUseLaunchSchemeArgsEnv = "YES">
      <Testables>
         <TestableReference
            skipped = "NO">
            <BuildableReference
               BuildableIdentifier = "primary"
               BlueprintIdentifier = "EBA5500F1C7D7C3F00E0208F"
               BuildableName = "Project 8 - Random Color Gradient  Project 8 - Random Color Gradient  Project 8 - Random Color Gradient  Project 8 - Random Color GradientTests.xctest"
               BlueprintName = "Project 8 - Random Color Gradient  Project 8 - Random Color Gradient  Project 8 - Random Color Gradient  Project 8 - Random Color GradientTests"
               ReferencedContainer = "container:Project 8 - Random Color Gradient  Project 8 - Random Color Gradient  Project 8 - Random Color Gradient  Project 8 - Random Color Gradient.xcodeproj">
            </BuildableReference>
         </TestableReference>
         <TestableReference
            skipped = "NO">
            <BuildableReference
               BuildableIdentifier = "primary"
               BlueprintIdentifier = "EBA5501A1C7D7C3F00E0208F"
               BuildableName = "Project 8 - Random Color Gradient  Project 8 - Random Color Gradient  Project 8 - Random Color Gradient  Project 8 - Random Color GradientUITests.xctest"
               BlueprintName = "Project 8 - Random Color Gradient  Project 8 - Random Color Gradient  Project 8 - Random Color Gradient  Project 8 - Random Color GradientUITests"
               ReferencedContainer = "container:Project 8 - Random Color Gradient  Project 8 - Random Color Gradient  Project 8 - Random Color Gradient  Project 8 - Random Color Gradient.xcodeproj">
            </BuildableReference>
         </TestableReference>
      </Testables>
      <MacroExpansion>
         <BuildableReference
            BuildableIdentifier = "primary"
            BlueprintIdentifier = "EBA54FFB1C7D7C3F00E0208F"
            BuildableName = "Project 8 - Random Color Gradient  Project 8 - Random Color Gradient  Project 8 - Random Color Gradient  Project 8 - Random Color Gradient.app"
            BlueprintName = "Project 8 - Random Color Gradient  Project 8 - Random Color Gradient  Project 8 - Random Color Gradient  Project 8 - Random Color Gradient"
            ReferencedContainer = "container:Project 8 - Random Color Gradient  Project 8 - Random Color Gradient  Project 8 - Random Color Gradient  Project 8 - Random Color Gradient.xcodeproj">
         </BuildableReference>
      </MacroExpansion>
      <AdditionalOptions>
      </AdditionalOptions>
   </TestAction>
   <LaunchAction
      buildConfiguration = "Debug"
      selectedDebuggerIdentifier = "Xcode.DebuggerFoundation.Debugger.LLDB"
      selectedLauncherIdentifier = "Xcode.DebuggerFoundation.Launcher.LLDB"
      launchStyle = "0"
      useCustomWorkingDirectory = "NO"
      ignoresPersistentStateOnLaunch = "NO"
      debugDocumentVersioning = "YES"
      debugServiceExtension = "internal"
      allowLocationSimulation = "YES">
      <BuildableProductRunnable
         runnableDebuggingMode = "0">
         <BuildableReference
            BuildableIdentifier = "primary"
            BlueprintIdentifier = "EBA54FFB1C7D7C3F00E0208F"
            BuildableName = "Project 8 - Random Color Gradient  Project 8 - Random Color Gradient  Project 8 - Random Color Gradient  Project 8 - Random Color Gradient.app"
            BlueprintName = "Project 8 - Random Color Gradient  Project 8 - Random Color Gradient  Project 8 - Random Color Gradient  Project 8 - Random Color Gradient"
            ReferencedContainer = "container:Project 8 - Random Color Gradient  Project 8 - Random Color Gradient  Project 8 - Random Color Gradient  Project 8 - Random Color Gradient.xcodeproj">
         </BuildableReference>
      </BuildableProductRunnable>
      <AdditionalOptions>
      </AdditionalOptions>
   </LaunchAction>
   <ProfileAction
      buildConfiguration = "Release"
      shouldUseLaunchSchemeArgsEnv = "YES"
      savedToolIdentifier = ""
      useCustomWorkingDirectory = "NO"
      debugDocumentVersioning = "YES">
      <BuildableProductRunnable
         runnableDebuggingMode = "0">
         <BuildableReference
            BuildableIdentifier = "primary"
            BlueprintIdentifier = "EBA54FFB1C7D7C3F00E0208F"
            BuildableName = "Project 8 - Random Color Gradient  Project 8 - Random Color Gradient  Project 8 - Random Color Gradient  Project 8 - Random Color Gradient.app"
            BlueprintName = "Project 8 - Random Color Gradient  Project 8 - Random Color Gradient  Project 8 - Random Color Gradient  Project 8 - Random Color Gradient"
            ReferencedContainer = "container:Project 8 - Random Color Gradient  Project 8 - Random Color Gradient  Project 8 - Random Color Gradient  Project 8 - Random Color Gradient.xcodeproj">
         </BuildableReference>
      </BuildableProductRunnable>
   </ProfileAction>
   <AnalyzeAction
      buildConfiguration = "Debug">
   </AnalyzeAction>
   <ArchiveAction
      buildConfiguration = "Release"
      revealArchiveInOrganizer = "YES">
   </ArchiveAction>
</Scheme>
